
Microsoft Visual Studio Solution File, Format Version 12.00
# Visual Studio Version 17
VisualStudioVersion = 17.14.36623.8 d17.14
MinimumVisualStudioVersion = 10.0.40219.1
Project("{FAE04EC0-301F-11D3-BF4B-00C04F79EFBC}") = "SistemaVentas.API", "SistemaVentas.API\SistemaVentas.API.csproj", "{F2718570-7350-4E98-A99C-88534925FD58}"
EndProject
Project("{FAE04EC0-301F-11D3-BF4B-00C04F79EFBC}") = "SistemaVentas.DAL", "SistemaVentas.DAL\SistemaVentas.DAL.csproj", "{B6995D3B-738F-4155-A5B8-1A09041F7E90}"
EndProject
Project("{FAE04EC0-301F-11D3-BF4B-00C04F79EFBC}") = "SitemaVentas.BLL", "SitemaVentas.BLL\SitemaVentas.BLL.csproj", "{4801D34A-AD6F-42A2-B425-D2D921C7F7EF}"
EndProject
Project("{FAE04EC0-301F-11D3-BF4B-00C04F79EFBC}") = "SistemaVentas.Model", "SistemaVentas.Model\SistemaVentas.Model.csproj", "{984900A2-999B-4F79-B50C-55235715E036}"
EndProject
Project("{FAE04EC0-301F-11D3-BF4B-00C04F79EFBC}") = "SistemaVentas.IOC", "SistemaVentas.IOC\SistemaVentas.IOC.csproj", "{53FCA2B9-4F55-4ACA-BC30-CBFF67405299}"
EndProject
Project("{FAE04EC0-301F-11D3-BF4B-00C04F79EFBC}") = "SistemaVentas.DTO", "SistemaVentas.DTO\SistemaVentas.DTO.csproj", "{CB7B01E6-1A72-42FD-884D-05EDDB15F2E2}"
EndProject
Project("{FAE04EC0-301F-11D3-BF4B-00C04F79EFBC}") = "SistemaVentas.Utility", "SistemaVentas.Utility\SistemaVentas.Utility.csproj", "{79D56DEA-6093-415E-96ED-A1FEC9FB4A6E}"
EndProject
Global
	GlobalSection(SolutionConfigurationPlatforms) = preSolution
		Debug|Any CPU = Debug|Any CPU
		Release|Any CPU = Release|Any CPU
	EndGlobalSection
	GlobalSection(ProjectConfigurationPlatforms) = postSolution
		{F2718570-7350-4E98-A99C-88534925FD58}.Debug|Any CPU.ActiveCfg = Debug|Any CPU
		{F2718570-7350-4E98-A99C-88534925FD58}.Debug|Any CPU.Build.0 = Debug|Any CPU
		{F2718570-7350-4E98-A99C-88534925FD58}.Release|Any CPU.ActiveCfg = Release|Any CPU
		{F2718570-7350-4E98-A99C-88534925FD58}.Release|Any CPU.Build.0 = Release|Any CPU
		{B6995D3B-738F-4155-A5B8-1A09041F7E90}.Debug|Any CPU.ActiveCfg = Debug|Any CPU
		{B6995D3B-738F-4155-A5B8-1A09041F7E90}.Debug|Any CPU.Build.0 = Debug|Any CPU
		{B6995D3B-738F-4155-A5B8-1A09041F7E90}.Release|Any CPU.ActiveCfg = Release|Any CPU
		{B6995D3B-738F-4155-A5B8-1A09041F7E90}.Release|Any CPU.Build.0 = Release|Any CPU
		{4801D34A-AD6F-42A2-B425-D2D921C7F7EF}.Debug|Any CPU.ActiveCfg = Debug|Any CPU
		{4801D34A-AD6F-42A2-B425-D2D921C7F7EF}.Debug|Any CPU.Build.0 = Debug|Any CPU
		{4801D34A-AD6F-42A2-B425-D2D921C7F7EF}.Release|Any CPU.ActiveCfg = Release|Any CPU
		{4801D34A-AD6F-42A2-B425-D2D921C7F7EF}.Release|Any CPU.Build.0 = Release|Any CPU
		{984900A2-999B-4F79-B50C-55235715E036}.Debug|Any CPU.ActiveCfg = Debug|Any CPU
		{984900A2-999B-4F79-B50C-55235715E036}.Debug|Any CPU.Build.0 = Debug|Any CPU
		{984900A2-999B-4F79-B50C-55235715E036}.Release|Any CPU.ActiveCfg = Release|Any CPU
		{984900A2-999B-4F79-B50C-55235715E036}.Release|Any CPU.Build.0 = Release|Any CPU
		{53FCA2B9-4F55-4ACA-BC30-CBFF67405299}.Debug|Any CPU.ActiveCfg = Debug|Any CPU
		{53FCA2B9-4F55-4ACA-BC30-CBFF67405299}.Debug|Any CPU.Build.0 = Debug|Any CPU
		{53FCA2B9-4F55-4ACA-BC30-CBFF67405299}.Release|Any CPU.ActiveCfg = Release|Any CPU
		{53FCA2B9-4F55-4ACA-BC30-CBFF67405299}.Release|Any CPU.Build.0 = Release|Any CPU
		{CB7B01E6-1A72-42FD-884D-05EDDB15F2E2}.Debug|Any CPU.ActiveCfg = Debug|Any CPU
		{CB7B01E6-1A72-42FD-884D-05EDDB15F2E2}.Debug|Any CPU.Build.0 = Debug|Any CPU
		{CB7B01E6-1A72-42FD-884D-05EDDB15F2E2}.Release|Any CPU.ActiveCfg = Release|Any CPU
		{CB7B01E6-1A72-42FD-884D-05EDDB15F2E2}.Release|Any CPU.Build.0 = Release|Any CPU
		{79D56DEA-6093-415E-96ED-A1FEC9FB4A6E}.Debug|Any CPU.ActiveCfg = Debug|Any CPU
		{79D56DEA-6093-415E-96ED-A1FEC9FB4A6E}.Debug|Any CPU.Build.0 = Debug|Any CPU
		{79D56DEA-6093-415E-96ED-A1FEC9FB4A6E}.Release|Any CPU.ActiveCfg = Release|Any CPU
		{79D56DEA-6093-415E-96ED-A1FEC9FB4A6E}.Release|Any CPU.Build.0 = Release|Any CPU
	EndGlobalSection
	GlobalSection(SolutionProperties) = preSolution
		HideSolutionNode = FALSE
	EndGlobalSection
	GlobalSection(ExtensibilityGlobals) = postSolution
		SolutionGuid = {5D77C5C1-BC40-4DB9-8313-E22A3AAB26EB}
	EndGlobalSection
EndGlobal
